{
  "version": 4,
  "terraform_version": "1.15.8",
  "serial": 2,
  "lineage": "00e667d9-408d-1902-8d8b-709817e68210",
  "outputs": {
    "instance_name": {
      "value": "projects/local-dev-project/locations/us-central1/instances/minisky-terraform-memcached",
      "type": "string"
    }
  },
  "resources": [
    {
      "mode": "managed",
      "type": "google_memcache_instance",
      "name": "compatibility",
      "provider": "provider[\"registry.terraform.io/hashicorp/google\"]",
      "instances": [
        {
          "schema_version": 0,
          "attributes": {
            "authorized_network": "projects/local-dev-project/global/networks/default",
            "create_time": "2026-07-28T13:14:16.291758Z",
            "deletion_policy": "DELETE",
            "deletion_protection": false,
            "discovery_endpoint": "127.0.0.1:55001",
            "display_name": "MiniSky Memcached updated",
            "effective_labels": {
              "goog-terraform-provisioned": "true"
            },
            "id": "projects/local-dev-project/locations/us-central1/instances/minisky-terraform-memcached",
            "labels": null,
            "maintenance_policy": [],
            "maintenance_schedule": [],
            "memcache_full_version": "memcached-1.6.15",
            "memcache_nodes": [
              {
                "host": "127.0.0.1",
                "node_id": "node-1",
                "port": 55001,
                "state": "READY",
                "zone": "us-central1-a"
              }
            ],
            "memcache_parameters": [],
            "memcache_version": "MEMCACHE_1_6_15",
            "name": "minisky-terraform-memcached",
            "node_config": [
              {
                "cpu_count": 1,
                "memory_size_mb": 1024
              }
            ],
            "node_count": 1,
            "project": "local-dev-project",
            "region": "us-central1",
            "reserved_ip_range_id": null,
            "terraform_labels": {
              "goog-terraform-provisioned": "true"
            },
            "timeouts": {
              "create": "3m",
              "delete": "3m",
              "update": "3m"
            },
            "zones": [
              "us-central1-a"
            ]
          },
          "sensitive_attributes": [],
          "identity_schema_version": 1,
          "identity": {
            "name": "minisky-terraform-memcached",
            "project": "local-dev-project",
            "region": "us-central1"
          },
          "private": "eyJlMmJmYjczMC1lY2FhLTExZTYtOGY4OC0zNDM2M2JjN2M0YzAiOnsiY3JlYXRlIjoxODAwMDAwMDAwMDAsImRlbGV0ZSI6MTgwMDAwMDAwMDAwLCJ1cGRhdGUiOjE4MDAwMDAwMDAwMH19"
        }
      ]
    }
  ],
  "check_results": null
}
